
Microsoft Visual Studio Solution File, Format Version 12.00
# Visual Studio Version 17
VisualStudioVersion = 17.0.32014.148
MinimumVisualStudioVersion = 10.0.40219.1
Project("{FAE04EC0-301F-11D3-BF4B-00C04F79EFBC}") = "OopsConcepts", "OopsConcepts\OopsConcepts.csproj", "{9CEC5DC1-4CCE-4747-B9A2-C7C60AA63B46}"
EndProject
Global
	GlobalSection(SolutionConfigurationPlatforms) = preSolution
		Debug|Any CPU = Debug|Any CPU
		Release|Any CPU = Release|Any CPU
	EndGlobalSection
	GlobalSection(ProjectConfigurationPlatforms) = postSolution
		{9CEC5DC1-4CCE-4747-B9A2-C7C60AA63B46}.Debug|Any CPU.ActiveCfg = Debug|Any CPU
		{9CEC5DC1-4CCE-4747-B9A2-C7C60AA63B46}.Debug|Any CPU.Build.0 = Debug|Any CPU
		{9CEC5DC1-4CCE-4747-B9A2-C7C60AA63B46}.Release|Any CPU.ActiveCfg = Release|Any CPU
		{9CEC5DC1-4CCE-4747-B9A2-C7C60AA63B46}.Release|Any CPU.Build.0 = Release|Any CPU
	EndGlobalSection
	GlobalSection(SolutionProperties) = preSolution
		HideSolutionNode = FALSE
	EndGlobalSection
	GlobalSection(ExtensibilityGlobals) = postSolution
		SolutionGuid = {5B37C931-28C5-48CB-9625-2372ECB9139A}
	EndGlobalSection
EndGlobal
